
Microsoft Visual Studio Solution File, Format Version 12.00
Project("{FAE04EC0-301F-11D3-BF4B-00C04F79EFBC}") = "DocumentAPI", "DocumentAPI\DocumentAPI.csproj", "{699C0B35-9EE8-40A2-8F96-EDECDE2F663C}"
EndProject
Project("{FAE04EC0-301F-11D3-BF4B-00C04F79EFBC}") = "Tests", "Tests\Tests.csproj", "{E16F3242-0709-4523-B3D4-FF6EC32DA8E4}"
EndProject
Project("{FAE04EC0-301F-11D3-BF4B-00C04F79EFBC}") = "Common", "Common\Common.csproj", "{61E42926-7A2C-44A0-95BE-FFCEFAB0BAD4}"
EndProject
Project("{FAE04EC0-301F-11D3-BF4B-00C04F79EFBC}") = "UI", "UI\UI.csproj", "{A8CFE3E0-03A5-441A-B9CC-294E10456DB1}"
EndProject
Global
	GlobalSection(SolutionConfigurationPlatforms) = preSolution
		Debug|Any CPU = Debug|Any CPU
		Release|Any CPU = Release|Any CPU
	EndGlobalSection
	GlobalSection(ProjectConfigurationPlatforms) = postSolution
		{699C0B35-9EE8-40A2-8F96-EDECDE2F663C}.Debug|Any CPU.ActiveCfg = Debug|Any CPU
		{699C0B35-9EE8-40A2-8F96-EDECDE2F663C}.Debug|Any CPU.Build.0 = Debug|Any CPU
		{699C0B35-9EE8-40A2-8F96-EDECDE2F663C}.Release|Any CPU.ActiveCfg = Release|Any CPU
		{699C0B35-9EE8-40A2-8F96-EDECDE2F663C}.Release|Any CPU.Build.0 = Release|Any CPU
		{E16F3242-0709-4523-B3D4-FF6EC32DA8E4}.Debug|Any CPU.ActiveCfg = Debug|Any CPU
		{E16F3242-0709-4523-B3D4-FF6EC32DA8E4}.Debug|Any CPU.Build.0 = Debug|Any CPU
		{E16F3242-0709-4523-B3D4-FF6EC32DA8E4}.Release|Any CPU.ActiveCfg = Release|Any CPU
		{E16F3242-0709-4523-B3D4-FF6EC32DA8E4}.Release|Any CPU.Build.0 = Release|Any CPU
		{61E42926-7A2C-44A0-95BE-FFCEFAB0BAD4}.Debug|Any CPU.ActiveCfg = Debug|Any CPU
		{61E42926-7A2C-44A0-95BE-FFCEFAB0BAD4}.Debug|Any CPU.Build.0 = Debug|Any CPU
		{61E42926-7A2C-44A0-95BE-FFCEFAB0BAD4}.Release|Any CPU.ActiveCfg = Release|Any CPU
		{61E42926-7A2C-44A0-95BE-FFCEFAB0BAD4}.Release|Any CPU.Build.0 = Release|Any CPU
		{A8CFE3E0-03A5-441A-B9CC-294E10456DB1}.Debug|Any CPU.ActiveCfg = Debug|Any CPU
		{A8CFE3E0-03A5-441A-B9CC-294E10456DB1}.Debug|Any CPU.Build.0 = Debug|Any CPU
		{A8CFE3E0-03A5-441A-B9CC-294E10456DB1}.Release|Any CPU.ActiveCfg = Release|Any CPU
		{A8CFE3E0-03A5-441A-B9CC-294E10456DB1}.Release|Any CPU.Build.0 = Release|Any CPU
	EndGlobalSection
EndGlobal
